{
    "_readme": [
        "This file locks the dependencies of your project to a known state",
        "Read more about it at https://getcomposer.org/doc/01-basic-usage.md#installing-dependencies",
        "This file is @generated automatically"
    ],
    "content-hash": "4f4c8f3c5bbc9159b0ff58af225d7b11",
    "packages": [
        {
            "name": "minicli/minicli",
            "version": "dev-main",
            "source": {
                "type": "git",
                "url": "https://github.com/minicli/minicli.git",
                "reference": "a35892b3be8a07ec986842ee8eed6005e1b4175d"
            },
            "dist": {
                "type": "zip",
                "url": "https://api.github.com/repos/minicli/minicli/zipball/a35892b3be8a07ec986842ee8eed6005e1b4175d",
                "reference": "a35892b3be8a07ec986842ee8eed6005e1b4175d",
                "shasum": ""
            },
            "require": {
                "ext-readline": "*",
                "php": ">=8"
            },
            "require-dev": {
                "friendsofphp/php-cs-fixer": "^3.5",
                "pestphp/pest": "^1.0",
                "phpunit/phpunit": "^9.0"
            },
            "default-branch": true,
            "type": "library",
            "autoload": {
                "psr-4": {
                    "Minicli\\": "src/"
                }
            },
            "notification-url": "https://packagist.org/downloads/",
            "license": [
                "MIT"
            ],
            "description": "Experimental micro CLI framework for PHP",
            "homepage": "https://github.com/minicli/minicli",
            "keywords": [
                "cli",
                "command-line"
            ],
            "support": {
                "issues": "https://github.com/minicli/minicli/issues",
                "source": "https://github.com/minicli/minicli/tree/main"
            },
            "funding": [
                {
                    "url": "https://github.com/erikaheidi",
                    "type": "github"
                }
            ],
            "time": "2022-10-01T01:16:03+00:00"
        }
    ],
    "packages-dev": [],
    "aliases": [],
    "minimum-stability": "dev",
    "stability-flags": {
        "minicli/minicli": 20
    },
    "prefer-stable": false,
    "prefer-lowest": false,
    "platform": [],
    "platform-dev": [],
    "plugin-api-version": "2.1.0"
}
